
Microsoft Visual Studio Solution File, Format Version 12.00
# Visual Studio Version 17
VisualStudioVersion = 17.4.32916.344
MinimumVisualStudioVersion = 10.0.40219.1
Project("{8BC9CEB8-8B4A-11D0-8D11-00A0C91BC942}") = "USER", "USER\USER.vcxproj", "{BE92BC0B-0C91-4F6B-8247-3F6D137FFA05}"
EndProject
Global
	GlobalSection(SolutionConfigurationPlatforms) = preSolution
		Debug|x64 = Debug|x64
		Debug|x86 = Debug|x86
		Release|x64 = Release|x64
		Release|x86 = Release|x86
	EndGlobalSection
	GlobalSection(ProjectConfigurationPlatforms) = postSolution
		{BE92BC0B-0C91-4F6B-8247-3F6D137FFA05}.Debug|x64.ActiveCfg = Debug|x64
		{BE92BC0B-0C91-4F6B-8247-3F6D137FFA05}.Debug|x64.Build.0 = Debug|x64
		{BE92BC0B-0C91-4F6B-8247-3F6D137FFA05}.Debug|x86.ActiveCfg = Debug|Win32
		{BE92BC0B-0C91-4F6B-8247-3F6D137FFA05}.Debug|x86.Build.0 = Debug|Win32
		{BE92BC0B-0C91-4F6B-8247-3F6D137FFA05}.Release|x64.ActiveCfg = Release|x64
		{BE92BC0B-0C91-4F6B-8247-3F6D137FFA05}.Release|x64.Build.0 = Release|x64
		{BE92BC0B-0C91-4F6B-8247-3F6D137FFA05}.Release|x86.ActiveCfg = Release|Win32
		{BE92BC0B-0C91-4F6B-8247-3F6D137FFA05}.Release|x86.Build.0 = Release|Win32
	EndGlobalSection
	GlobalSection(SolutionProperties) = preSolution
		HideSolutionNode = FALSE
	EndGlobalSection
	GlobalSection(ExtensibilityGlobals) = postSolution
		SolutionGuid = {070A964A-84DB-4AD5-A29C-F001889881EE}
	EndGlobalSection
EndGlobal
